// !$*UTF8*$!
{
	archiveVersion = 1;
	classes = {
	};
	objectVersion = 46;
	objects = {

/* Begin PBXBuildFile section */
		A32002131F05ADA6001C8263 /* AppDelegate.swift in Sources */ = {isa = PBXBuildFile; fileRef = A32002121F05ADA6001C8263 /* AppDelegate.swift */; };
		A32002151F05ADA6001C8263 /* ViewController.swift in Sources */ = {isa = PBXBuildFile; fileRef = A32002141F05ADA6001C8263 /* ViewController.swift */; };
		A32002181F05ADA6001C8263 /* Main.storyboard in Resources */ = {isa = PBXBuildFile; fileRef = A32002161F05ADA6001C8263 /* Main.storyboard */; };
		A320021A1F05ADA6001C8263 /* Assets.xcassets in Resources */ = {isa = PBXBuildFile; fileRef = A32002191F05ADA6001C8263 /* Assets.xcassets */; };
		A320021D1F05ADA6001C8263 /* LaunchScreen.storyboard in Resources */ = {isa = PBXBuildFile; fileRef = A320021B1F05ADA6001C8263 /* LaunchScreen.storyboard */; };
		A32002251F05BA1D001C8263 /* Minecraft.ttf in Resources */ = {isa = PBXBuildFile; fileRef = A32002241F05BA1D001C8263 /* Minecraft.ttf */; };
		A32002271F05BB0C001C8263 /* btn.wav in Resources */ = {isa = PBXBuildFile; fileRef = A32002261F05BB0C001C8263 /* btn.wav */; };
/* End PBXBuildFile section */

/* Begin PBXFileReference section */
		A320020F1F05ADA6001C8263 /* RetroCalculator.app */ = {isa = PBXFileReference; explicitFileType = wrapper.application; includeInIndex = 0; path = RetroCalculator.app; sourceTree = BUILT_PRODUCTS_DIR; };
		A32002121F05ADA6001C8263 /* AppDelegate.swift */ = {isa = PBXFileReference; lastKnownFileType = sourcecode.swift; path = AppDelegate.swift; sourceTree = "<group>"; };
		A32002141F05ADA6001C8263 /* ViewController.swift */ = {isa = PBXFileReference; lastKnownFileType = sourcecode.swift; path = ViewController.swift; sourceTree = "<group>"; };
		A32002171F05ADA6001C8263 /* Base */ = {isa = PBXFileReference; lastKnownFileType = file.storyboard; name = Base; path = Base.lproj/Main.storyboard; sourceTree = "<group>"; };
		A32002191F05ADA6001C8263 /* Assets.xcassets */ = {isa = PBXFileReference; lastKnownFileType = folder.assetcatalog; path = Assets.xcassets; sourceTree = "<group>"; };
		A320021C1F05ADA6001C8263 /* Base */ = {isa = PBXFileReference; lastKnownFileType = file.storyboard; name = Base; path = Base.lproj/LaunchScreen.storyboard; sourceTree = "<group>"; };
		A320021E1F05ADA6001C8263 /* Info.plist */ = {isa = PBXFileReference; lastKnownFileType = text.plist.xml; path = Info.plist; sourceTree = "<group>"; };
		A32002241F05BA1D001C8263 /* Minecraft.ttf */ = {isa = PBXFileReference; lastKnownFileType = file; name = Minecraft.ttf; path = ../Minecraft.ttf; sourceTree = "<group>"; };
		A32002261F05BB0C001C8263 /* btn.wav */ = {isa = PBXFileReference; lastKnownFileType = audio.wav; path = btn.wav; sourceTree = "<group>"; };
/* End PBXFileReference section */

/* Begin PBXFrameworksBuildPhase section */
		A320020C1F05ADA5001C8263 /* Frameworks */ = {
			isa = PBXFrameworksBuildPhase;
			buildActionMask = 2147483647;
			files = (
			);
			runOnlyForDeploymentPostprocessing = 0;
		};
/* End PBXFrameworksBuildPhase section */

/* Begin PBXGroup section */
		A32002061F05ADA5001C8263 = {
			isa = PBXGroup;
			children = (
				A32002111F05ADA6001C8263 /* RetroCalculator */,
				A32002101F05ADA6001C8263 /* Products */,
			);
			sourceTree = "<group>";
		};
		A32002101F05ADA6001C8263 /* Products */ = {
			isa = PBXGroup;
			children = (
				A320020F1F05ADA6001C8263 /* RetroCalculator.app */,
			);
			name = Products;
			sourceTree = "<group>";
		};
		A32002111F05ADA6001C8263 /* RetroCalculator */ = {
			isa = PBXGroup;
			children = (
				A32002261F05BB0C001C8263 /* btn.wav */,
				A32002241F05BA1D001C8263 /* Minecraft.ttf */,
				A32002121F05ADA6001C8263 /* AppDelegate.swift */,
				A32002141F05ADA6001C8263 /* ViewController.swift */,
				A32002161F05ADA6001C8263 /* Main.storyboard */,
				A32002191F05ADA6001C8263 /* Assets.xcassets */,
				A320021B1F05ADA6001C8263 /* LaunchScreen.storyboard */,
				A320021E1F05ADA6001C8263 /* Info.plist */,
			);
			path = RetroCalculator;
			sourceTree = "<group>";
		};
/* End PBXGroup section */

/* Begin PBXNativeTarget section */
		A320020E1F05ADA5001C8263 /* RetroCalculator */ = {
			isa = PBXNativeTarget;
			buildConfigurationList = A32002211F05ADA6001C8263 /* Build configuration list for PBXNativeTarget "RetroCalculator" */;
			buildPhases = (
				A320020B1F05ADA5001C8263 /* Sources */,
				A320020C1F05ADA5001C8263 /* Frameworks */,
				A320020D1F05ADA5001C8263 /* Resources */,
			);
			buildRules = (
			);
			dependencies = (
			);
			name = RetroCalculator;
			productName = RetroCalculator;
			productReference = A320020F1F05ADA6001C8263 /* RetroCalculator.app */;
			productType = "com.apple.product-type.application";
		};
/* End PBXNativeTarget section */

/* Begin PBXProject section */
		A32002071F05ADA5001C8263 /* Project object */ = {
			isa = PBXProject;
			attributes = {
				LastSwiftUpdateCheck = 0820;
				LastUpgradeCheck = 0820;
				ORGANIZATIONNAME = "Luke Fitzgerald";
				TargetAttributes = {
					A320020E1F05ADA5001C8263 = {
						CreatedOnToolsVersion = 8.2.1;
						ProvisioningStyle = Automatic;
					};
				};
			};
			buildConfigurationList = A320020A1F05ADA5001C8263 /* Build configuration list for PBXProject "RetroCalculator" */;
			compatibilityVersion = "Xcode 3.2";
			developmentRegion = English;
			hasScannedForEncodings = 0;
			knownRegions = (
				en,
				Base,
			);
			mainGroup = A32002061F05ADA5001C8263;
			productRefGroup = A32002101F05ADA6001C8263 /* Products */;
			projectDirPath = "";
			projectRoot = "";
			targets = (
				A320020E1F05ADA5001C8263 /* RetroCalculator */,
			);
		};
/* End PBXProject section */

/* Begin PBXResourcesBuildPhase section */
		A320020D1F05ADA5001C8263 /* Resources */ = {
			isa = PBXResourcesBuildPhase;
			buildActionMask = 2147483647;
			files = (
				A32002271F05BB0C001C8263 /* btn.wav in Resources */,
				A320021D1F05ADA6001C8263 /* LaunchScreen.storyboard in Resources */,
				A320021A1F05ADA6001C8263 /* Assets.xcassets in Resources */,
				A32002251F05BA1D001C8263 /* Minecraft.ttf in Resources */,
				A32002181F05ADA6001C8263 /* Main.storyboard in Resources */,
			);
			runOnlyForDeploymentPostprocessing = 0;
		};
/* End PBXResourcesBuildPhase section */

/* Begin PBXSourcesBuildPhase section */
		A320020B1F05ADA5001C8263 /* Sources */ = {
			isa = PBXSourcesBuildPhase;
			buildActionMask = 2147483647;
			files = (
				A32002151F05ADA6001C8263 /* ViewController.swift in Sources */,
				A32002131F05ADA6001C8263 /* AppDelegate.swift in Sources */,
			);
			runOnlyForDeploymentPostprocessing = 0;
		};
/* End PBXSourcesBuildPhase section */

/* Begin PBXVariantGroup section */
		A32002161F05ADA6001C8263 /* Main.storyboard */ = {
			isa = PBXVariantGroup;
			children = (
				A32002171F05ADA6001C8263 /* Base */,
			);
			name = Main.storyboard;
			sourceTree = "<group>";
		};
		A320021B1F05ADA6001C8263 /* LaunchScreen.storyboard */ = {
			isa = PBXVariantGroup;
			children = (
				A320021C1F05ADA6001C8263 /* Base */,
			);
			name = LaunchScreen.storyboard;
			sourceTree = "<group>";
		};
/* End PBXVariantGroup section */

/* Begin XCBuildConfiguration section */
		A320021F1F05ADA6001C8263 /* Debug */ = {
			isa = XCBuildConfiguration;
			buildSettings = {
				ALWAYS_SEARCH_USER_PATHS = NO;
				CLANG_ANALYZER_NONNULL = YES;
				CLANG_CXX_LANGUAGE_STANDARD = "gnu++0x";
				CLANG_CXX_LIBRARY = "libc++";
				CLANG_ENABLE_MODULES = YES;
				CLANG_ENABLE_OBJC_ARC = YES;
				CLANG_WARN_BOOL_CONVERSION = YES;
				CLANG_WARN_CONSTANT_CONVERSION = YES;
				CLANG_WARN_DIRECT_OBJC_ISA_USAGE = YES_ERROR;
				CLANG_WARN_DOCUMENTATION_COMMENTS = YES;
				CLANG_WARN_EMPTY_BODY = YES;
				CLANG_WARN_ENUM_CONVERSION = YES;
				CLANG_WARN_INFINITE_RECURSION = YES;
				CLANG_WARN_INT_CONVERSION = YES;
				CLANG_WARN_OBJC_ROOT_CLASS = YES_ERROR;
				CLANG_WARN_SUSPICIOUS_MOVE = YES;
				CLANG_WARN_UNREACHABLE_CODE = YES;
				CLANG_WARN__DUPLICATE_METHOD_MATCH = YES;
				"CODE_SIGN_IDENTITY[sdk=iphoneos*]" = "iPhone Developer";
				COPY_PHASE_STRIP = NO;
				DEBUG_INFORMATION_FORMAT = dwarf;
				ENABLE_STRICT_OBJC_MSGSEND = YES;
				ENABLE_TESTABILITY = YES;
				GCC_C_LANGUAGE_STANDARD = gnu99;
				GCC_DYNAMIC_NO_PIC = NO;
				GCC_NO_COMMON_BLOCKS = YES;
				GCC_OPTIMIZATION_LEVEL = 0;
				GCC_PREPROCESSOR_DEFINITIONS = (
					"DEBUG=1",
					"$(inherited)",
				);
				GCC_WARN_64_TO_32_BIT_CONVERSION = YES;
				GCC_WARN_ABOUT_RETURN_TYPE = YES_ERROR;
				GCC_WARN_UNDECLARED_SELECTOR = YES;
				GCC_WARN_UNINITIALIZED_AUTOS = YES_AGGRESSIVE;
				GCC_WARN_UNUSED_FUNCTION = YES;
				GCC_WARN_UNUSED_VARIABLE = YES;
				IPHONEOS_DEPLOYMENT_TARGET = 10.2;
				MTL_ENABLE_DEBUG_INFO = YES;
				ONLY_ACTIVE_ARCH = YES;
				SDKROOT = iphoneos;
				SWIFT_ACTIVE_COMPILATION_CONDITIONS = DEBUG;
				SWIFT_OPTIMIZATION_LEVEL = "-Onone";
				TARGETED_DEVICE_FAMILY = "1,2";
			};
			name = Debug;
		};
		A32002201F05ADA6001C8263 /* Release */ = {
			isa = XCBuildConfiguration;
			buildSettings = {
				ALWAYS_SEARCH_USER_PATHS = NO;
				CLANG_ANALYZER_NONNULL = YES;
				CLANG_CXX_LANGUAGE_STANDARD = "gnu++0x";
				CLANG_CXX_LIBRARY = "libc++";
				CLANG_ENABLE_MODULES = YES;
				CLANG_ENABLE_OBJC_ARC = YES;
				CLANG_WARN_BOOL_CONVERSION = YES;
				CLANG_WARN_CONSTANT_CONVERSION = YES;
				CLANG_WARN_DIRECT_OBJC_ISA_USAGE = YES_ERROR;
				CLANG_WARN_DOCUMENTATION_COMMENTS = YES;
				CLANG_WARN_EMPTY_BODY = YES;
				CLANG_WARN_ENUM_CONVERSION = YES;
				CLANG_WARN_INFINITE_RECURSION = YES;
				CLANG_WARN_INT_CONVERSION = YES;
				CLANG_WARN_OBJC_ROOT_CLASS = YES_ERROR;
				CLANG_WARN_SUSPICIOUS_MOVE = YES;
				CLANG_WARN_UNREACHABLE_CODE = YES;
				CLANG_WARN__DUPLICATE_METHOD_MATCH = YES;
				"CODE_SIGN_IDENTITY[sdk=iphoneos*]" = "iPhone Developer";
				COPY_PHASE_STRIP = NO;
				DEBUG_INFORMATION_FORMAT = "dwarf-with-dsym";
				ENABLE_NS_ASSERTIONS = NO;
				ENABLE_STRICT_OBJC_MSGSEND = YES;
				GCC_C_LANGUAGE_STANDARD = gnu99;
				GCC_NO_COMMON_BLOCKS = YES;
				GCC_WARN_64_TO_32_BIT_CONVERSION = YES;
				GCC_WARN_ABOUT_RETURN_TYPE = YES_ERROR;
				GCC_WARN_UNDECLARED_SELECTOR = YES;
				GCC_WARN_UNINITIALIZED_AUTOS = YES_AGGRESSIVE;
				GCC_WARN_UNUSED_FUNCTION = YES;
				GCC_WARN_UNUSED_VARIABLE = YES;
				IPHONEOS_DEPLOYMENT_TARGET = 10.2;
				MTL_ENABLE_DEBUG_INFO = NO;
				SDKROOT = iphoneos;
				SWIFT_OPTIMIZATION_LEVEL = "-Owholemodule";
				TARGETED_DEVICE_FAMILY = "1,2";
				VALIDATE_PRODUCT = YES;
			};
			name = Release;
		};
		A32002221F05ADA6001C8263 /* Debug */ = {
			isa = XCBuildConfiguration;
			buildSettings = {
				ASSETCATALOG_COMPILER_APPICON_NAME = AppIcon;
				INFOPLIST_FILE = RetroCalculator/Info.plist;
				LD_RUNPATH_SEARCH_PATHS = "$(inherited) @executable_path/Frameworks";
				PRODUCT_BUNDLE_IDENTIFIER = com.luke.RetroCalculator;
				PRODUCT_NAME = "$(TARGET_NAME)";
				SWIFT_VERSION = 3.0;
			};
			name = Debug;
		};
		A32002231F05ADA6001C8263 /* Release */ = {
			isa = XCBuildConfiguration;
			buildSettings = {
				ASSETCATALOG_COMPILER_APPICON_NAME = AppIcon;
				INFOPLIST_FILE = RetroCalculator/Info.plist;
				LD_RUNPATH_SEARCH_PATHS = "$(inherited) @executable_path/Frameworks";
				PRODUCT_BUNDLE_IDENTIFIER = com.luke.RetroCalculator;
				PRODUCT_NAME = "$(TARGET_NAME)";
				SWIFT_VERSION = 3.0;
			};
			name = Release;
		};
/* End XCBuildConfiguration section */

/* Begin XCConfigurationList section */
		A320020A1F05ADA5001C8263 /* Build configuration list for PBXProject "RetroCalculator" */ = {
			isa = XCConfigurationList;
			buildConfigurations = (
				A320021F1F05ADA6001C8263 /* Debug */,
				A32002201F05ADA6001C8263 /* Release */,
			);
			defaultConfigurationIsVisible = 0;
			defaultConfigurationName = Release;
		};
		A32002211F05ADA6001C8263 /* Build configuration list for PBXNativeTarget "RetroCalculator" */ = {
			isa = XCConfigurationList;
			buildConfigurations = (
				A32002221F05ADA6001C8263 /* Debug */,
				A32002231F05ADA6001C8263 /* Release */,
			);
			defaultConfigurationIsVisible = 0;
		};
/* End XCConfigurationList section */
	};
	rootObject = A32002071F05ADA5001C8263 /* Project object */;
}
